
Microsoft Visual Studio Solution File, Format Version 12.00
# Visual Studio 2012
Project("{FAE04EC0-301F-11D3-BF4B-00C04F79EFBC}") = "simple.oauth2", "simple.oauth2.csproj", "{A6C0FCA1-C12A-4412-8948-533F8E9957C6}"
EndProject
Project("{2150E333-8FDC-42A3-9474-1A3956D46DE8}") = "clients", "clients", "{C6668BEA-A12F-4578-9B95-031BBED585DC}"
EndProject
Project("{FAE04EC0-301F-11D3-BF4B-00C04F79EFBC}") = "client.mvc4", "..\clients\client.mvc4\client.mvc4.csproj", "{3126B5C9-2C98-4522-933C-F9D123BCE161}"
EndProject
Global
	GlobalSection(SolutionConfigurationPlatforms) = preSolution
		Debug|Any CPU = Debug|Any CPU
		Release|Any CPU = Release|Any CPU
	EndGlobalSection
	GlobalSection(ProjectConfigurationPlatforms) = postSolution
		{A6C0FCA1-C12A-4412-8948-533F8E9957C6}.Debug|Any CPU.ActiveCfg = Debug|Any CPU
		{A6C0FCA1-C12A-4412-8948-533F8E9957C6}.Debug|Any CPU.Build.0 = Debug|Any CPU
		{A6C0FCA1-C12A-4412-8948-533F8E9957C6}.Release|Any CPU.ActiveCfg = Release|Any CPU
		{A6C0FCA1-C12A-4412-8948-533F8E9957C6}.Release|Any CPU.Build.0 = Release|Any CPU
		{3126B5C9-2C98-4522-933C-F9D123BCE161}.Debug|Any CPU.ActiveCfg = Debug|Any CPU
		{3126B5C9-2C98-4522-933C-F9D123BCE161}.Debug|Any CPU.Build.0 = Debug|Any CPU
		{3126B5C9-2C98-4522-933C-F9D123BCE161}.Release|Any CPU.ActiveCfg = Release|Any CPU
		{3126B5C9-2C98-4522-933C-F9D123BCE161}.Release|Any CPU.Build.0 = Release|Any CPU
	EndGlobalSection
	GlobalSection(SolutionProperties) = preSolution
		HideSolutionNode = FALSE
	EndGlobalSection
	GlobalSection(NestedProjects) = preSolution
		{3126B5C9-2C98-4522-933C-F9D123BCE161} = {C6668BEA-A12F-4578-9B95-031BBED585DC}
	EndGlobalSection
EndGlobal
